// !$*UTF8*$!
{
	archiveVersion = 1;
	classes = {
	};
	objectVersion = 46;
	objects = {

/* Begin PBXBuildFile section */
		4096CE8CFCF3C81D834C4762 /* Pods_EventFindr.framework in Frameworks */ = {isa = PBXBuildFile; fileRef = 41B9298A4F01158085E0821F /* Pods_EventFindr.framework */; };
		D03DF3461CBEE92C007D8B7A /* AppDelegate.swift in Sources */ = {isa = PBXBuildFile; fileRef = D03DF3451CBEE92C007D8B7A /* AppDelegate.swift */; };
		D03DF34B1CBEE92C007D8B7A /* Main.storyboard in Resources */ = {isa = PBXBuildFile; fileRef = D03DF3491CBEE92C007D8B7A /* Main.storyboard */; };
		D03DF34D1CBEE92C007D8B7A /* Assets.xcassets in Resources */ = {isa = PBXBuildFile; fileRef = D03DF34C1CBEE92C007D8B7A /* Assets.xcassets */; };
		D03DF3501CBEE92C007D8B7A /* LaunchScreen.storyboard in Resources */ = {isa = PBXBuildFile; fileRef = D03DF34E1CBEE92C007D8B7A /* LaunchScreen.storyboard */; };
		D03DF35B1CBEE92C007D8B7A /* EventFindrTests.swift in Sources */ = {isa = PBXBuildFile; fileRef = D03DF35A1CBEE92C007D8B7A /* EventFindrTests.swift */; };
		D03DF36B1CBEEEC0007D8B7A /* EventfulAPIKey.swift in Sources */ = {isa = PBXBuildFile; fileRef = D03DF36A1CBEEEC0007D8B7A /* EventfulAPIKey.swift */; };
		D03DF36F1CBFFC98007D8B7A /* SearchResultsTableViewController.swift in Sources */ = {isa = PBXBuildFile; fileRef = D03DF36E1CBFFC98007D8B7A /* SearchResultsTableViewController.swift */; };
		D03DF3711CBFFD65007D8B7A /* SearchResultsTableViewCell.swift in Sources */ = {isa = PBXBuildFile; fileRef = D03DF3701CBFFD65007D8B7A /* SearchResultsTableViewCell.swift */; };
		D03DF3731CC00049007D8B7A /* Event.swift in Sources */ = {isa = PBXBuildFile; fileRef = D03DF3721CC00049007D8B7A /* Event.swift */; };
		D03DF3751CC1553A007D8B7A /* URLStringMaker.swift in Sources */ = {isa = PBXBuildFile; fileRef = D03DF3741CC1553A007D8B7A /* URLStringMaker.swift */; };
		D03DF3771CC178A6007D8B7A /* GetUserEventsQueryInputViewController.swift in Sources */ = {isa = PBXBuildFile; fileRef = D03DF3761CC178A6007D8B7A /* GetUserEventsQueryInputViewController.swift */; };
		D03DF4441CC55032007D8B7A /* DSLCalendarDayCalloutView.m in Sources */ = {isa = PBXBuildFile; fileRef = D03DF4261CC55032007D8B7A /* DSLCalendarDayCalloutView.m */; };
		D03DF4451CC55032007D8B7A /* DSLCalendarDayCalloutView.xib in Resources */ = {isa = PBXBuildFile; fileRef = D03DF4271CC55032007D8B7A /* DSLCalendarDayCalloutView.xib */; };
		D03DF4461CC55032007D8B7A /* DSLCalendarDayView.m in Sources */ = {isa = PBXBuildFile; fileRef = D03DF4291CC55032007D8B7A /* DSLCalendarDayView.m */; };
		D03DF4471CC55032007D8B7A /* DSLCalendarMonthSelectorView.m in Sources */ = {isa = PBXBuildFile; fileRef = D03DF42B1CC55032007D8B7A /* DSLCalendarMonthSelectorView.m */; };
		D03DF4481CC55032007D8B7A /* DSLCalendarMonthSelectorView.xib in Resources */ = {isa = PBXBuildFile; fileRef = D03DF42C1CC55032007D8B7A /* DSLCalendarMonthSelectorView.xib */; };
		D03DF4491CC55032007D8B7A /* DSLCalendarMonthView.m in Sources */ = {isa = PBXBuildFile; fileRef = D03DF42E1CC55032007D8B7A /* DSLCalendarMonthView.m */; };
		D03DF44A1CC55032007D8B7A /* DSLCalendarRange.m in Sources */ = {isa = PBXBuildFile; fileRef = D03DF4301CC55032007D8B7A /* DSLCalendarRange.m */; };
		D03DF44B1CC55032007D8B7A /* DSLCalendarView.m in Sources */ = {isa = PBXBuildFile; fileRef = D03DF4321CC55032007D8B7A /* DSLCalendarView.m */; };
		D03DF44C1CC55032007D8B7A /* DSLCalendar-nextMonth.png in Resources */ = {isa = PBXBuildFile; fileRef = D03DF4341CC55032007D8B7A /* DSLCalendar-nextMonth.png */; };
		D03DF44D1CC55032007D8B7A /* DSLCalendar-nextMonth@2x.png in Resources */ = {isa = PBXBuildFile; fileRef = D03DF4351CC55032007D8B7A /* DSLCalendar-nextMonth@2x.png */; };
		D03DF44E1CC55032007D8B7A /* DSLCalendar-previousMonth.png in Resources */ = {isa = PBXBuildFile; fileRef = D03DF4361CC55032007D8B7A /* DSLCalendar-previousMonth.png */; };
		D03DF44F1CC55032007D8B7A /* DSLCalendar-previousMonth@2x.png in Resources */ = {isa = PBXBuildFile; fileRef = D03DF4371CC55032007D8B7A /* DSLCalendar-previousMonth@2x.png */; };
		D03DF4501CC55032007D8B7A /* DSLCalendarDayCallout.png in Resources */ = {isa = PBXBuildFile; fileRef = D03DF4381CC55032007D8B7A /* DSLCalendarDayCallout.png */; };
		D03DF4511CC55032007D8B7A /* DSLCalendarDayCallout@2x.png in Resources */ = {isa = PBXBuildFile; fileRef = D03DF4391CC55032007D8B7A /* DSLCalendarDayCallout@2x.png */; };
		D03DF4521CC55032007D8B7A /* DSLCalendarDaySelection-left.png in Resources */ = {isa = PBXBuildFile; fileRef = D03DF43A1CC55032007D8B7A /* DSLCalendarDaySelection-left.png */; };
		D03DF4531CC55032007D8B7A /* DSLCalendarDaySelection-left@2x.png in Resources */ = {isa = PBXBuildFile; fileRef = D03DF43B1CC55032007D8B7A /* DSLCalendarDaySelection-left@2x.png */; };
		D03DF4541CC55032007D8B7A /* DSLCalendarDaySelection-middle.png in Resources */ = {isa = PBXBuildFile; fileRef = D03DF43C1CC55032007D8B7A /* DSLCalendarDaySelection-middle.png */; };
		D03DF4551CC55032007D8B7A /* DSLCalendarDaySelection-middle@2x.png in Resources */ = {isa = PBXBuildFile; fileRef = D03DF43D1CC55032007D8B7A /* DSLCalendarDaySelection-middle@2x.png */; };
		D03DF4561CC55032007D8B7A /* DSLCalendarDaySelection-right.png in Resources */ = {isa = PBXBuildFile; fileRef = D03DF43E1CC55032007D8B7A /* DSLCalendarDaySelection-right.png */; };
		D03DF4571CC55032007D8B7A /* DSLCalendarDaySelection-right@2x.png in Resources */ = {isa = PBXBuildFile; fileRef = D03DF43F1CC55032007D8B7A /* DSLCalendarDaySelection-right@2x.png */; };
		D03DF4581CC55032007D8B7A /* DSLCalendarDaySelection.png in Resources */ = {isa = PBXBuildFile; fileRef = D03DF4401CC55032007D8B7A /* DSLCalendarDaySelection.png */; };
		D03DF4591CC55032007D8B7A /* DSLCalendarDaySelection@2x.png in Resources */ = {isa = PBXBuildFile; fileRef = D03DF4411CC55032007D8B7A /* DSLCalendarDaySelection@2x.png */; };
		D03DF45A1CC55032007D8B7A /* NSDate+DSLCalendarView.m in Sources */ = {isa = PBXBuildFile; fileRef = D03DF4431CC55032007D8B7A /* NSDate+DSLCalendarView.m */; };
		D03DF45D1CC55122007D8B7A /* CalendarViewController.swift in Sources */ = {isa = PBXBuildFile; fileRef = D03DF45C1CC55122007D8B7A /* CalendarViewController.swift */; };
		D03DF45F1CC55CFA007D8B7A /* DatesChosen.swift in Sources */ = {isa = PBXBuildFile; fileRef = D03DF45E1CC55CFA007D8B7A /* DatesChosen.swift */; };
		D03DF4611CC5BC1F007D8B7A /* NSdateFormatter+Extension.swift in Sources */ = {isa = PBXBuildFile; fileRef = D03DF4601CC5BC1F007D8B7A /* NSdateFormatter+Extension.swift */; };
		D05C254B1CC6CA440053212D /* SearchPlacesResultsController.swift in Sources */ = {isa = PBXBuildFile; fileRef = D05C254A1CC6CA440053212D /* SearchPlacesResultsController.swift */; };
/* End PBXBuildFile section */

/* Begin PBXContainerItemProxy section */
		D03DF3571CBEE92C007D8B7A /* PBXContainerItemProxy */ = {
			isa = PBXContainerItemProxy;
			containerPortal = D03DF33A1CBEE92C007D8B7A /* Project object */;
			proxyType = 1;
			remoteGlobalIDString = D03DF3411CBEE92C007D8B7A;
			remoteInfo = EventFindr;
		};
/* End PBXContainerItemProxy section */

/* Begin PBXFileReference section */
		41B9298A4F01158085E0821F /* Pods_EventFindr.framework */ = {isa = PBXFileReference; explicitFileType = wrapper.framework; includeInIndex = 0; path = Pods_EventFindr.framework; sourceTree = BUILT_PRODUCTS_DIR; };
		A116557783A8A52A57B59EAE /* Pods-EventFindr.debug.xcconfig */ = {isa = PBXFileReference; includeInIndex = 1; lastKnownFileType = text.xcconfig; name = "Pods-EventFindr.debug.xcconfig"; path = "Pods/Target Support Files/Pods-EventFindr/Pods-EventFindr.debug.xcconfig"; sourceTree = "<group>"; };
		A5CCC545C7716839B0767583 /* Pods-EventFindr.release.xcconfig */ = {isa = PBXFileReference; includeInIndex = 1; lastKnownFileType = text.xcconfig; name = "Pods-EventFindr.release.xcconfig"; path = "Pods/Target Support Files/Pods-EventFindr/Pods-EventFindr.release.xcconfig"; sourceTree = "<group>"; };
		D03DF3421CBEE92C007D8B7A /* EventFindr.app */ = {isa = PBXFileReference; explicitFileType = wrapper.application; includeInIndex = 0; path = EventFindr.app; sourceTree = BUILT_PRODUCTS_DIR; };
		D03DF3451CBEE92C007D8B7A /* AppDelegate.swift */ = {isa = PBXFileReference; lastKnownFileType = sourcecode.swift; path = AppDelegate.swift; sourceTree = "<group>"; };
		D03DF34A1CBEE92C007D8B7A /* Base */ = {isa = PBXFileReference; lastKnownFileType = file.storyboard; name = Base; path = Base.lproj/Main.storyboard; sourceTree = "<group>"; };
		D03DF34C1CBEE92C007D8B7A /* Assets.xcassets */ = {isa = PBXFileReference; lastKnownFileType = folder.assetcatalog; path = Assets.xcassets; sourceTree = "<group>"; };
		D03DF34F1CBEE92C007D8B7A /* Base */ = {isa = PBXFileReference; lastKnownFileType = file.storyboard; name = Base; path = Base.lproj/LaunchScreen.storyboard; sourceTree = "<group>"; };
		D03DF3511CBEE92C007D8B7A /* Info.plist */ = {isa = PBXFileReference; lastKnownFileType = text.plist.xml; path = Info.plist; sourceTree = "<group>"; };
		D03DF3561CBEE92C007D8B7A /* EventFindrTests.xctest */ = {isa = PBXFileReference; explicitFileType = wrapper.cfbundle; includeInIndex = 0; path = EventFindrTests.xctest; sourceTree = BUILT_PRODUCTS_DIR; };
		D03DF35A1CBEE92C007D8B7A /* EventFindrTests.swift */ = {isa = PBXFileReference; lastKnownFileType = sourcecode.swift; path = EventFindrTests.swift; sourceTree = "<group>"; };
		D03DF35C1CBEE92C007D8B7A /* Info.plist */ = {isa = PBXFileReference; lastKnownFileType = text.plist.xml; path = Info.plist; sourceTree = "<group>"; };
		D03DF36A1CBEEEC0007D8B7A /* EventfulAPIKey.swift */ = {isa = PBXFileReference; fileEncoding = 4; lastKnownFileType = sourcecode.swift; path = EventfulAPIKey.swift; sourceTree = "<group>"; };
		D03DF36E1CBFFC98007D8B7A /* SearchResultsTableViewController.swift */ = {isa = PBXFileReference; fileEncoding = 4; lastKnownFileType = sourcecode.swift; path = SearchResultsTableViewController.swift; sourceTree = "<group>"; };
		D03DF3701CBFFD65007D8B7A /* SearchResultsTableViewCell.swift */ = {isa = PBXFileReference; fileEncoding = 4; lastKnownFileType = sourcecode.swift; path = SearchResultsTableViewCell.swift; sourceTree = "<group>"; };
		D03DF3721CC00049007D8B7A /* Event.swift */ = {isa = PBXFileReference; fileEncoding = 4; lastKnownFileType = sourcecode.swift; path = Event.swift; sourceTree = "<group>"; };
		D03DF3741CC1553A007D8B7A /* URLStringMaker.swift */ = {isa = PBXFileReference; fileEncoding = 4; lastKnownFileType = sourcecode.swift; path = URLStringMaker.swift; sourceTree = "<group>"; };
		D03DF3761CC178A6007D8B7A /* GetUserEventsQueryInputViewController.swift */ = {isa = PBXFileReference; fileEncoding = 4; lastKnownFileType = sourcecode.swift; path = GetUserEventsQueryInputViewController.swift; sourceTree = "<group>"; };
		D03DF4251CC55032007D8B7A /* DSLCalendarDayCalloutView.h */ = {isa = PBXFileReference; fileEncoding = 4; lastKnownFileType = sourcecode.c.h; path = DSLCalendarDayCalloutView.h; sourceTree = "<group>"; };
		D03DF4261CC55032007D8B7A /* DSLCalendarDayCalloutView.m */ = {isa = PBXFileReference; fileEncoding = 4; lastKnownFileType = sourcecode.c.objc; path = DSLCalendarDayCalloutView.m; sourceTree = "<group>"; };
		D03DF4271CC55032007D8B7A /* DSLCalendarDayCalloutView.xib */ = {isa = PBXFileReference; fileEncoding = 4; lastKnownFileType = file.xib; path = DSLCalendarDayCalloutView.xib; sourceTree = "<group>"; };
		D03DF4281CC55032007D8B7A /* DSLCalendarDayView.h */ = {isa = PBXFileReference; fileEncoding = 4; lastKnownFileType = sourcecode.c.h; path = DSLCalendarDayView.h; sourceTree = "<group>"; };
		D03DF4291CC55032007D8B7A /* DSLCalendarDayView.m */ = {isa = PBXFileReference; fileEncoding = 4; lastKnownFileType = sourcecode.c.objc; path = DSLCalendarDayView.m; sourceTree = "<group>"; };
		D03DF42A1CC55032007D8B7A /* DSLCalendarMonthSelectorView.h */ = {isa = PBXFileReference; fileEncoding = 4; lastKnownFileType = sourcecode.c.h; path = DSLCalendarMonthSelectorView.h; sourceTree = "<group>"; };
		D03DF42B1CC55032007D8B7A /* DSLCalendarMonthSelectorView.m */ = {isa = PBXFileReference; fileEncoding = 4; lastKnownFileType = sourcecode.c.objc; path = DSLCalendarMonthSelectorView.m; sourceTree = "<group>"; };
		D03DF42C1CC55032007D8B7A /* DSLCalendarMonthSelectorView.xib */ = {isa = PBXFileReference; fileEncoding = 4; lastKnownFileType = file.xib; path = DSLCalendarMonthSelectorView.xib; sourceTree = "<group>"; };
		D03DF42D1CC55032007D8B7A /* DSLCalendarMonthView.h */ = {isa = PBXFileReference; fileEncoding = 4; lastKnownFileType = sourcecode.c.h; path = DSLCalendarMonthView.h; sourceTree = "<group>"; };
		D03DF42E1CC55032007D8B7A /* DSLCalendarMonthView.m */ = {isa = PBXFileReference; fileEncoding = 4; lastKnownFileType = sourcecode.c.objc; path = DSLCalendarMonthView.m; sourceTree = "<group>"; };
		D03DF42F1CC55032007D8B7A /* DSLCalendarRange.h */ = {isa = PBXFileReference; fileEncoding = 4; lastKnownFileType = sourcecode.c.h; path = DSLCalendarRange.h; sourceTree = "<group>"; };
		D03DF4301CC55032007D8B7A /* DSLCalendarRange.m */ = {isa = PBXFileReference; fileEncoding = 4; lastKnownFileType = sourcecode.c.objc; path = DSLCalendarRange.m; sourceTree = "<group>"; };
		D03DF4311CC55032007D8B7A /* DSLCalendarView.h */ = {isa = PBXFileReference; fileEncoding = 4; lastKnownFileType = sourcecode.c.h; path = DSLCalendarView.h; sourceTree = "<group>"; };
		D03DF4321CC55032007D8B7A /* DSLCalendarView.m */ = {isa = PBXFileReference; fileEncoding = 4; lastKnownFileType = sourcecode.c.objc; path = DSLCalendarView.m; sourceTree = "<group>"; };
		D03DF4341CC55032007D8B7A /* DSLCalendar-nextMonth.png */ = {isa = PBXFileReference; lastKnownFileType = image.png; path = "DSLCalendar-nextMonth.png"; sourceTree = "<group>"; };
		D03DF4351CC55032007D8B7A /* DSLCalendar-nextMonth@2x.png */ = {isa = PBXFileReference; lastKnownFileType = image.png; path = "DSLCalendar-nextMonth@2x.png"; sourceTree = "<group>"; };
		D03DF4361CC55032007D8B7A /* DSLCalendar-previousMonth.png */ = {isa = PBXFileReference; lastKnownFileType = image.png; path = "DSLCalendar-previousMonth.png"; sourceTree = "<group>"; };
		D03DF4371CC55032007D8B7A /* DSLCalendar-previousMonth@2x.png */ = {isa = PBXFileReference; lastKnownFileType = image.png; path = "DSLCalendar-previousMonth@2x.png"; sourceTree = "<group>"; };
		D03DF4381CC55032007D8B7A /* DSLCalendarDayCallout.png */ = {isa = PBXFileReference; lastKnownFileType = image.png; path = DSLCalendarDayCallout.png; sourceTree = "<group>"; };
		D03DF4391CC55032007D8B7A /* DSLCalendarDayCallout@2x.png */ = {isa = PBXFileReference; lastKnownFileType = image.png; path = "DSLCalendarDayCallout@2x.png"; sourceTree = "<group>"; };
		D03DF43A1CC55032007D8B7A /* DSLCalendarDaySelection-left.png */ = {isa = PBXFileReference; lastKnownFileType = image.png; path = "DSLCalendarDaySelection-left.png"; sourceTree = "<group>"; };
		D03DF43B1CC55032007D8B7A /* DSLCalendarDaySelection-left@2x.png */ = {isa = PBXFileReference; lastKnownFileType = image.png; path = "DSLCalendarDaySelection-left@2x.png"; sourceTree = "<group>"; };
		D03DF43C1CC55032007D8B7A /* DSLCalendarDaySelection-middle.png */ = {isa = PBXFileReference; lastKnownFileType = image.png; path = "DSLCalendarDaySelection-middle.png"; sourceTree = "<group>"; };
		D03DF43D1CC55032007D8B7A /* DSLCalendarDaySelection-middle@2x.png */ = {isa = PBXFileReference; lastKnownFileType = image.png; path = "DSLCalendarDaySelection-middle@2x.png"; sourceTree = "<group>"; };
		D03DF43E1CC55032007D8B7A /* DSLCalendarDaySelection-right.png */ = {isa = PBXFileReference; lastKnownFileType = image.png; path = "DSLCalendarDaySelection-right.png"; sourceTree = "<group>"; };
		D03DF43F1CC55032007D8B7A /* DSLCalendarDaySelection-right@2x.png */ = {isa = PBXFileReference; lastKnownFileType = image.png; path = "DSLCalendarDaySelection-right@2x.png"; sourceTree = "<group>"; };
		D03DF4401CC55032007D8B7A /* DSLCalendarDaySelection.png */ = {isa = PBXFileReference; lastKnownFileType = image.png; path = DSLCalendarDaySelection.png; sourceTree = "<group>"; };
		D03DF4411CC55032007D8B7A /* DSLCalendarDaySelection@2x.png */ = {isa = PBXFileReference; lastKnownFileType = image.png; path = "DSLCalendarDaySelection@2x.png"; sourceTree = "<group>"; };
		D03DF4421CC55032007D8B7A /* NSDate+DSLCalendarView.h */ = {isa = PBXFileReference; fileEncoding = 4; lastKnownFileType = sourcecode.c.h; path = "NSDate+DSLCalendarView.h"; sourceTree = "<group>"; };
		D03DF4431CC55032007D8B7A /* NSDate+DSLCalendarView.m */ = {isa = PBXFileReference; fileEncoding = 4; lastKnownFileType = sourcecode.c.objc; path = "NSDate+DSLCalendarView.m"; sourceTree = "<group>"; };
		D03DF45B1CC55097007D8B7A /* CalendarHeader.h */ = {isa = PBXFileReference; fileEncoding = 4; lastKnownFileType = sourcecode.c.h; path = CalendarHeader.h; sourceTree = "<group>"; };
		D03DF45C1CC55122007D8B7A /* CalendarViewController.swift */ = {isa = PBXFileReference; fileEncoding = 4; lastKnownFileType = sourcecode.swift; path = CalendarViewController.swift; sourceTree = "<group>"; };
		D03DF45E1CC55CFA007D8B7A /* DatesChosen.swift */ = {isa = PBXFileReference; fileEncoding = 4; lastKnownFileType = sourcecode.swift; path = DatesChosen.swift; sourceTree = "<group>"; };
		D03DF4601CC5BC1F007D8B7A /* NSdateFormatter+Extension.swift */ = {isa = PBXFileReference; fileEncoding = 4; lastKnownFileType = sourcecode.swift; path = "NSdateFormatter+Extension.swift"; sourceTree = "<group>"; };
		D05C254A1CC6CA440053212D /* SearchPlacesResultsController.swift */ = {isa = PBXFileReference; fileEncoding = 4; lastKnownFileType = sourcecode.swift; path = SearchPlacesResultsController.swift; sourceTree = "<group>"; };
/* End PBXFileReference section */

/* Begin PBXFrameworksBuildPhase section */
		D03DF33F1CBEE92C007D8B7A /* Frameworks */ = {
			isa = PBXFrameworksBuildPhase;
			buildActionMask = 2147483647;
			files = (
				4096CE8CFCF3C81D834C4762 /* Pods_EventFindr.framework in Frameworks */,
			);
			runOnlyForDeploymentPostprocessing = 0;
		};
		D03DF3531CBEE92C007D8B7A /* Frameworks */ = {
			isa = PBXFrameworksBuildPhase;
			buildActionMask = 2147483647;
			files = (
			);
			runOnlyForDeploymentPostprocessing = 0;
		};
/* End PBXFrameworksBuildPhase section */

/* Begin PBXGroup section */
		0034EC25B3F10D54DD9CEF59 /* Pods */ = {
			isa = PBXGroup;
			children = (
				A116557783A8A52A57B59EAE /* Pods-EventFindr.debug.xcconfig */,
				A5CCC545C7716839B0767583 /* Pods-EventFindr.release.xcconfig */,
			);
			name = Pods;
			sourceTree = "<group>";
		};
		B97B0B74DD97D5F800984185 /* Frameworks */ = {
			isa = PBXGroup;
			children = (
				41B9298A4F01158085E0821F /* Pods_EventFindr.framework */,
			);
			name = Frameworks;
			sourceTree = "<group>";
		};
		D03DF3391CBEE92C007D8B7A = {
			isa = PBXGroup;
			children = (
				D03DF3441CBEE92C007D8B7A /* EventFindr */,
				D03DF3691CBEE991007D8B7A /* Supporting Files */,
				D03DF3591CBEE92C007D8B7A /* EventFindrTests */,
				D03DF3431CBEE92C007D8B7A /* Products */,
				0034EC25B3F10D54DD9CEF59 /* Pods */,
				B97B0B74DD97D5F800984185 /* Frameworks */,
			);
			sourceTree = "<group>";
		};
		D03DF3431CBEE92C007D8B7A /* Products */ = {
			isa = PBXGroup;
			children = (
				D03DF3421CBEE92C007D8B7A /* EventFindr.app */,
				D03DF3561CBEE92C007D8B7A /* EventFindrTests.xctest */,
			);
			name = Products;
			sourceTree = "<group>";
		};
		D03DF3441CBEE92C007D8B7A /* EventFindr */ = {
			isa = PBXGroup;
			children = (
				D03DF45B1CC55097007D8B7A /* CalendarHeader.h */,
				D03DF3651CBEE94F007D8B7A /* Model */,
				D03DF3661CBEE956007D8B7A /* View */,
				D03DF3681CBEE961007D8B7A /* Controllers */,
				D03DF3671CBEE95C007D8B7A /* UI */,
			);
			path = EventFindr;
			sourceTree = "<group>";
		};
		D03DF3591CBEE92C007D8B7A /* EventFindrTests */ = {
			isa = PBXGroup;
			children = (
				D03DF35A1CBEE92C007D8B7A /* EventFindrTests.swift */,
				D03DF35C1CBEE92C007D8B7A /* Info.plist */,
			);
			path = EventFindrTests;
			sourceTree = "<group>";
		};
		D03DF3651CBEE94F007D8B7A /* Model */ = {
			isa = PBXGroup;
			children = (
				D03DF3451CBEE92C007D8B7A /* AppDelegate.swift */,
				D03DF36A1CBEEEC0007D8B7A /* EventfulAPIKey.swift */,
				D03DF3721CC00049007D8B7A /* Event.swift */,
				D03DF3741CC1553A007D8B7A /* URLStringMaker.swift */,
				D03DF45E1CC55CFA007D8B7A /* DatesChosen.swift */,
				D03DF4601CC5BC1F007D8B7A /* NSdateFormatter+Extension.swift */,
			);
			name = Model;
			sourceTree = "<group>";
		};
		D03DF3661CBEE956007D8B7A /* View */ = {
			isa = PBXGroup;
			children = (
				D03DF4241CC55032007D8B7A /* DSLCalendarView */,
				D03DF3701CBFFD65007D8B7A /* SearchResultsTableViewCell.swift */,
			);
			name = View;
			sourceTree = "<group>";
		};
		D03DF3671CBEE95C007D8B7A /* UI */ = {
			isa = PBXGroup;
			children = (
				D03DF3491CBEE92C007D8B7A /* Main.storyboard */,
				D03DF34E1CBEE92C007D8B7A /* LaunchScreen.storyboard */,
			);
			name = UI;
			sourceTree = "<group>";
		};
		D03DF3681CBEE961007D8B7A /* Controllers */ = {
			isa = PBXGroup;
			children = (
				D05C254A1CC6CA440053212D /* SearchPlacesResultsController.swift */,
				D03DF3761CC178A6007D8B7A /* GetUserEventsQueryInputViewController.swift */,
				D03DF45C1CC55122007D8B7A /* CalendarViewController.swift */,
				D03DF36E1CBFFC98007D8B7A /* SearchResultsTableViewController.swift */,
			);
			name = Controllers;
			sourceTree = "<group>";
		};
		D03DF3691CBEE991007D8B7A /* Supporting Files */ = {
			isa = PBXGroup;
			children = (
				D03DF34C1CBEE92C007D8B7A /* Assets.xcassets */,
				D03DF3511CBEE92C007D8B7A /* Info.plist */,
			);
			name = "Supporting Files";
			path = EventFindr;
			sourceTree = "<group>";
		};
		D03DF4241CC55032007D8B7A /* DSLCalendarView */ = {
			isa = PBXGroup;
			children = (
				D03DF4251CC55032007D8B7A /* DSLCalendarDayCalloutView.h */,
				D03DF4261CC55032007D8B7A /* DSLCalendarDayCalloutView.m */,
				D03DF4271CC55032007D8B7A /* DSLCalendarDayCalloutView.xib */,
				D03DF4281CC55032007D8B7A /* DSLCalendarDayView.h */,
				D03DF4291CC55032007D8B7A /* DSLCalendarDayView.m */,
				D03DF42A1CC55032007D8B7A /* DSLCalendarMonthSelectorView.h */,
				D03DF42B1CC55032007D8B7A /* DSLCalendarMonthSelectorView.m */,
				D03DF42C1CC55032007D8B7A /* DSLCalendarMonthSelectorView.xib */,
				D03DF42D1CC55032007D8B7A /* DSLCalendarMonthView.h */,
				D03DF42E1CC55032007D8B7A /* DSLCalendarMonthView.m */,
				D03DF42F1CC55032007D8B7A /* DSLCalendarRange.h */,
				D03DF4301CC55032007D8B7A /* DSLCalendarRange.m */,
				D03DF4311CC55032007D8B7A /* DSLCalendarView.h */,
				D03DF4321CC55032007D8B7A /* DSLCalendarView.m */,
				D03DF4331CC55032007D8B7A /* Images */,
				D03DF4421CC55032007D8B7A /* NSDate+DSLCalendarView.h */,
				D03DF4431CC55032007D8B7A /* NSDate+DSLCalendarView.m */,
			);
			path = DSLCalendarView;
			sourceTree = "<group>";
		};
		D03DF4331CC55032007D8B7A /* Images */ = {
			isa = PBXGroup;
			children = (
				D03DF4341CC55032007D8B7A /* DSLCalendar-nextMonth.png */,
				D03DF4351CC55032007D8B7A /* DSLCalendar-nextMonth@2x.png */,
				D03DF4361CC55032007D8B7A /* DSLCalendar-previousMonth.png */,
				D03DF4371CC55032007D8B7A /* DSLCalendar-previousMonth@2x.png */,
				D03DF4381CC55032007D8B7A /* DSLCalendarDayCallout.png */,
				D03DF4391CC55032007D8B7A /* DSLCalendarDayCallout@2x.png */,
				D03DF43A1CC55032007D8B7A /* DSLCalendarDaySelection-left.png */,
				D03DF43B1CC55032007D8B7A /* DSLCalendarDaySelection-left@2x.png */,
				D03DF43C1CC55032007D8B7A /* DSLCalendarDaySelection-middle.png */,
				D03DF43D1CC55032007D8B7A /* DSLCalendarDaySelection-middle@2x.png */,
				D03DF43E1CC55032007D8B7A /* DSLCalendarDaySelection-right.png */,
				D03DF43F1CC55032007D8B7A /* DSLCalendarDaySelection-right@2x.png */,
				D03DF4401CC55032007D8B7A /* DSLCalendarDaySelection.png */,
				D03DF4411CC55032007D8B7A /* DSLCalendarDaySelection@2x.png */,
			);
			path = Images;
			sourceTree = "<group>";
		};
/* End PBXGroup section */

/* Begin PBXNativeTarget section */
		D03DF3411CBEE92C007D8B7A /* EventFindr */ = {
			isa = PBXNativeTarget;
			buildConfigurationList = D03DF35F1CBEE92C007D8B7A /* Build configuration list for PBXNativeTarget "EventFindr" */;
			buildPhases = (
				395CB01720794A22995C44F5 /* Check Pods Manifest.lock */,
				D03DF33E1CBEE92C007D8B7A /* Sources */,
				D03DF33F1CBEE92C007D8B7A /* Frameworks */,
				D03DF3401CBEE92C007D8B7A /* Resources */,
				FECBA26D9C851624AF4CD6A7 /* Embed Pods Frameworks */,
				EF63E83637254DE410143EB4 /* Copy Pods Resources */,
			);
			buildRules = (
			);
			dependencies = (
			);
			name = EventFindr;
			productName = EventFindr;
			productReference = D03DF3421CBEE92C007D8B7A /* EventFindr.app */;
			productType = "com.apple.product-type.application";
		};
		D03DF3551CBEE92C007D8B7A /* EventFindrTests */ = {
			isa = PBXNativeTarget;
			buildConfigurationList = D03DF3621CBEE92C007D8B7A /* Build configuration list for PBXNativeTarget "EventFindrTests" */;
			buildPhases = (
				D03DF3521CBEE92C007D8B7A /* Sources */,
				D03DF3531CBEE92C007D8B7A /* Frameworks */,
				D03DF3541CBEE92C007D8B7A /* Resources */,
			);
			buildRules = (
			);
			dependencies = (
				D03DF3581CBEE92C007D8B7A /* PBXTargetDependency */,
			);
			name = EventFindrTests;
			productName = EventFindrTests;
			productReference = D03DF3561CBEE92C007D8B7A /* EventFindrTests.xctest */;
			productType = "com.apple.product-type.bundle.unit-test";
		};
/* End PBXNativeTarget section */

/* Begin PBXProject section */
		D03DF33A1CBEE92C007D8B7A /* Project object */ = {
			isa = PBXProject;
			attributes = {
				LastSwiftUpdateCheck = 0730;
				LastUpgradeCheck = 0730;
				ORGANIZATIONNAME = "Thiago Heitling";
				TargetAttributes = {
					D03DF3411CBEE92C007D8B7A = {
						CreatedOnToolsVersion = 7.3;
					};
					D03DF3551CBEE92C007D8B7A = {
						CreatedOnToolsVersion = 7.3;
						TestTargetID = D03DF3411CBEE92C007D8B7A;
					};
				};
			};
			buildConfigurationList = D03DF33D1CBEE92C007D8B7A /* Build configuration list for PBXProject "EventFindr" */;
			compatibilityVersion = "Xcode 3.2";
			developmentRegion = English;
			hasScannedForEncodings = 0;
			knownRegions = (
				en,
				Base,
			);
			mainGroup = D03DF3391CBEE92C007D8B7A;
			productRefGroup = D03DF3431CBEE92C007D8B7A /* Products */;
			projectDirPath = "";
			projectRoot = "";
			targets = (
				D03DF3411CBEE92C007D8B7A /* EventFindr */,
				D03DF3551CBEE92C007D8B7A /* EventFindrTests */,
			);
		};
/* End PBXProject section */

/* Begin PBXResourcesBuildPhase section */
		D03DF3401CBEE92C007D8B7A /* Resources */ = {
			isa = PBXResourcesBuildPhase;
			buildActionMask = 2147483647;
			files = (
				D03DF4561CC55032007D8B7A /* DSLCalendarDaySelection-right.png in Resources */,
				D03DF4481CC55032007D8B7A /* DSLCalendarMonthSelectorView.xib in Resources */,
				D03DF4501CC55032007D8B7A /* DSLCalendarDayCallout.png in Resources */,
				D03DF4451CC55032007D8B7A /* DSLCalendarDayCalloutView.xib in Resources */,
				D03DF44D1CC55032007D8B7A /* DSLCalendar-nextMonth@2x.png in Resources */,
				D03DF4531CC55032007D8B7A /* DSLCalendarDaySelection-left@2x.png in Resources */,
				D03DF3501CBEE92C007D8B7A /* LaunchScreen.storyboard in Resources */,
				D03DF4581CC55032007D8B7A /* DSLCalendarDaySelection.png in Resources */,
				D03DF4541CC55032007D8B7A /* DSLCalendarDaySelection-middle.png in Resources */,
				D03DF4511CC55032007D8B7A /* DSLCalendarDayCallout@2x.png in Resources */,
				D03DF4591CC55032007D8B7A /* DSLCalendarDaySelection@2x.png in Resources */,
				D03DF44F1CC55032007D8B7A /* DSLCalendar-previousMonth@2x.png in Resources */,
				D03DF44C1CC55032007D8B7A /* DSLCalendar-nextMonth.png in Resources */,
				D03DF4521CC55032007D8B7A /* DSLCalendarDaySelection-left.png in Resources */,
				D03DF44E1CC55032007D8B7A /* DSLCalendar-previousMonth.png in Resources */,
				D03DF4551CC55032007D8B7A /* DSLCalendarDaySelection-middle@2x.png in Resources */,
				D03DF4571CC55032007D8B7A /* DSLCalendarDaySelection-right@2x.png in Resources */,
				D03DF34D1CBEE92C007D8B7A /* Assets.xcassets in Resources */,
				D03DF34B1CBEE92C007D8B7A /* Main.storyboard in Resources */,
			);
			runOnlyForDeploymentPostprocessing = 0;
		};
		D03DF3541CBEE92C007D8B7A /* Resources */ = {
			isa = PBXResourcesBuildPhase;
			buildActionMask = 2147483647;
			files = (
			);
			runOnlyForDeploymentPostprocessing = 0;
		};
/* End PBXResourcesBuildPhase section */

/* Begin PBXShellScriptBuildPhase section */
		395CB01720794A22995C44F5 /* Check Pods Manifest.lock */ = {
			isa = PBXShellScriptBuildPhase;
			buildActionMask = 2147483647;
			files = (
			);
			inputPaths = (
			);
			name = "Check Pods Manifest.lock";
			outputPaths = (
			);
			runOnlyForDeploymentPostprocessing = 0;
			shellPath = /bin/sh;
			shellScript = "diff \"${PODS_ROOT}/../Podfile.lock\" \"${PODS_ROOT}/Manifest.lock\" > /dev/null\nif [[ $? != 0 ]] ; then\n    cat << EOM\nerror: The sandbox is not in sync with the Podfile.lock. Run 'pod install' or update your CocoaPods installation.\nEOM\n    exit 1\nfi\n";
			showEnvVarsInLog = 0;
		};
		EF63E83637254DE410143EB4 /* Copy Pods Resources */ = {
			isa = PBXShellScriptBuildPhase;
			buildActionMask = 2147483647;
			files = (
			);
			inputPaths = (
			);
			name = "Copy Pods Resources";
			outputPaths = (
			);
			runOnlyForDeploymentPostprocessing = 0;
			shellPath = /bin/sh;
			shellScript = "\"${SRCROOT}/Pods/Target Support Files/Pods-EventFindr/Pods-EventFindr-resources.sh\"\n";
			showEnvVarsInLog = 0;
		};
		FECBA26D9C851624AF4CD6A7 /* Embed Pods Frameworks */ = {
			isa = PBXShellScriptBuildPhase;
			buildActionMask = 2147483647;
			files = (
			);
			inputPaths = (
			);
			name = "Embed Pods Frameworks";
			outputPaths = (
			);
			runOnlyForDeploymentPostprocessing = 0;
			shellPath = /bin/sh;
			shellScript = "\"${SRCROOT}/Pods/Target Support Files/Pods-EventFindr/Pods-EventFindr-frameworks.sh\"\n";
			showEnvVarsInLog = 0;
		};
/* End PBXShellScriptBuildPhase section */

/* Begin PBXSourcesBuildPhase section */
		D03DF33E1CBEE92C007D8B7A /* Sources */ = {
			isa = PBXSourcesBuildPhase;
			buildActionMask = 2147483647;
			files = (
				D03DF45D1CC55122007D8B7A /* CalendarViewController.swift in Sources */,
				D03DF4491CC55032007D8B7A /* DSLCalendarMonthView.m in Sources */,
				D03DF4471CC55032007D8B7A /* DSLCalendarMonthSelectorView.m in Sources */,
				D03DF4441CC55032007D8B7A /* DSLCalendarDayCalloutView.m in Sources */,
				D03DF3751CC1553A007D8B7A /* URLStringMaker.swift in Sources */,
				D03DF4611CC5BC1F007D8B7A /* NSdateFormatter+Extension.swift in Sources */,
				D05C254B1CC6CA440053212D /* SearchPlacesResultsController.swift in Sources */,
				D03DF3711CBFFD65007D8B7A /* SearchResultsTableViewCell.swift in Sources */,
				D03DF3461CBEE92C007D8B7A /* AppDelegate.swift in Sources */,
				D03DF36B1CBEEEC0007D8B7A /* EventfulAPIKey.swift in Sources */,
				D03DF3731CC00049007D8B7A /* Event.swift in Sources */,
				D03DF44B1CC55032007D8B7A /* DSLCalendarView.m in Sources */,
				D03DF45F1CC55CFA007D8B7A /* DatesChosen.swift in Sources */,
				D03DF36F1CBFFC98007D8B7A /* SearchResultsTableViewController.swift in Sources */,
				D03DF4461CC55032007D8B7A /* DSLCalendarDayView.m in Sources */,
				D03DF3771CC178A6007D8B7A /* GetUserEventsQueryInputViewController.swift in Sources */,
				D03DF44A1CC55032007D8B7A /* DSLCalendarRange.m in Sources */,
				D03DF45A1CC55032007D8B7A /* NSDate+DSLCalendarView.m in Sources */,
			);
			runOnlyForDeploymentPostprocessing = 0;
		};
		D03DF3521CBEE92C007D8B7A /* Sources */ = {
			isa = PBXSourcesBuildPhase;
			buildActionMask = 2147483647;
			files = (
				D03DF35B1CBEE92C007D8B7A /* EventFindrTests.swift in Sources */,
			);
			runOnlyForDeploymentPostprocessing = 0;
		};
/* End PBXSourcesBuildPhase section */

/* Begin PBXTargetDependency section */
		D03DF3581CBEE92C007D8B7A /* PBXTargetDependency */ = {
			isa = PBXTargetDependency;
			target = D03DF3411CBEE92C007D8B7A /* EventFindr */;
			targetProxy = D03DF3571CBEE92C007D8B7A /* PBXContainerItemProxy */;
		};
/* End PBXTargetDependency section */

/* Begin PBXVariantGroup section */
		D03DF3491CBEE92C007D8B7A /* Main.storyboard */ = {
			isa = PBXVariantGroup;
			children = (
				D03DF34A1CBEE92C007D8B7A /* Base */,
			);
			name = Main.storyboard;
			sourceTree = "<group>";
		};
		D03DF34E1CBEE92C007D8B7A /* LaunchScreen.storyboard */ = {
			isa = PBXVariantGroup;
			children = (
				D03DF34F1CBEE92C007D8B7A /* Base */,
			);
			name = LaunchScreen.storyboard;
			sourceTree = "<group>";
		};
/* End PBXVariantGroup section */

/* Begin XCBuildConfiguration section */
		D03DF35D1CBEE92C007D8B7A /* Debug */ = {
			isa = XCBuildConfiguration;
			buildSettings = {
				ALWAYS_SEARCH_USER_PATHS = NO;
				CLANG_ANALYZER_NONNULL = YES;
				CLANG_CXX_LANGUAGE_STANDARD = "gnu++0x";
				CLANG_CXX_LIBRARY = "libc++";
				CLANG_ENABLE_MODULES = YES;
				CLANG_ENABLE_OBJC_ARC = YES;
				CLANG_WARN_BOOL_CONVERSION = YES;
				CLANG_WARN_CONSTANT_CONVERSION = YES;
				CLANG_WARN_DIRECT_OBJC_ISA_USAGE = YES_ERROR;
				CLANG_WARN_EMPTY_BODY = YES;
				CLANG_WARN_ENUM_CONVERSION = YES;
				CLANG_WARN_INT_CONVERSION = YES;
				CLANG_WARN_OBJC_ROOT_CLASS = YES_ERROR;
				CLANG_WARN_UNREACHABLE_CODE = YES;
				CLANG_WARN__DUPLICATE_METHOD_MATCH = YES;
				"CODE_SIGN_IDENTITY[sdk=iphoneos*]" = "iPhone Developer";
				COPY_PHASE_STRIP = NO;
				DEBUG_INFORMATION_FORMAT = dwarf;
				ENABLE_STRICT_OBJC_MSGSEND = YES;
				ENABLE_TESTABILITY = YES;
				GCC_C_LANGUAGE_STANDARD = gnu99;
				GCC_DYNAMIC_NO_PIC = NO;
				GCC_NO_COMMON_BLOCKS = YES;
				GCC_OPTIMIZATION_LEVEL = 0;
				GCC_PREPROCESSOR_DEFINITIONS = (
					"DEBUG=1",
					"$(inherited)",
				);
				GCC_WARN_64_TO_32_BIT_CONVERSION = YES;
				GCC_WARN_ABOUT_RETURN_TYPE = YES_ERROR;
				GCC_WARN_UNDECLARED_SELECTOR = YES;
				GCC_WARN_UNINITIALIZED_AUTOS = YES_AGGRESSIVE;
				GCC_WARN_UNUSED_FUNCTION = YES;
				GCC_WARN_UNUSED_VARIABLE = YES;
				IPHONEOS_DEPLOYMENT_TARGET = 9.3;
				MTL_ENABLE_DEBUG_INFO = YES;
				ONLY_ACTIVE_ARCH = YES;
				SDKROOT = iphoneos;
				SWIFT_OPTIMIZATION_LEVEL = "-Onone";
				TARGETED_DEVICE_FAMILY = "1,2";
			};
			name = Debug;
		};
		D03DF35E1CBEE92C007D8B7A /* Release */ = {
			isa = XCBuildConfiguration;
			buildSettings = {
				ALWAYS_SEARCH_USER_PATHS = NO;
				CLANG_ANALYZER_NONNULL = YES;
				CLANG_CXX_LANGUAGE_STANDARD = "gnu++0x";
				CLANG_CXX_LIBRARY = "libc++";
				CLANG_ENABLE_MODULES = YES;
				CLANG_ENABLE_OBJC_ARC = YES;
				CLANG_WARN_BOOL_CONVERSION = YES;
				CLANG_WARN_CONSTANT_CONVERSION = YES;
				CLANG_WARN_DIRECT_OBJC_ISA_USAGE = YES_ERROR;
				CLANG_WARN_EMPTY_BODY = YES;
				CLANG_WARN_ENUM_CONVERSION = YES;
				CLANG_WARN_INT_CONVERSION = YES;
				CLANG_WARN_OBJC_ROOT_CLASS = YES_ERROR;
				CLANG_WARN_UNREACHABLE_CODE = YES;
				CLANG_WARN__DUPLICATE_METHOD_MATCH = YES;
				"CODE_SIGN_IDENTITY[sdk=iphoneos*]" = "iPhone Developer";
				COPY_PHASE_STRIP = NO;
				DEBUG_INFORMATION_FORMAT = "dwarf-with-dsym";
				ENABLE_NS_ASSERTIONS = NO;
				ENABLE_STRICT_OBJC_MSGSEND = YES;
				GCC_C_LANGUAGE_STANDARD = gnu99;
				GCC_NO_COMMON_BLOCKS = YES;
				GCC_WARN_64_TO_32_BIT_CONVERSION = YES;
				GCC_WARN_ABOUT_RETURN_TYPE = YES_ERROR;
				GCC_WARN_UNDECLARED_SELECTOR = YES;
				GCC_WARN_UNINITIALIZED_AUTOS = YES_AGGRESSIVE;
				GCC_WARN_UNUSED_FUNCTION = YES;
				GCC_WARN_UNUSED_VARIABLE = YES;
				IPHONEOS_DEPLOYMENT_TARGET = 9.3;
				MTL_ENABLE_DEBUG_INFO = NO;
				SDKROOT = iphoneos;
				TARGETED_DEVICE_FAMILY = "1,2";
				VALIDATE_PRODUCT = YES;
			};
			name = Release;
		};
		D03DF3601CBEE92C007D8B7A /* Debug */ = {
			isa = XCBuildConfiguration;
			baseConfigurationReference = A116557783A8A52A57B59EAE /* Pods-EventFindr.debug.xcconfig */;
			buildSettings = {
				ASSETCATALOG_COMPILER_APPICON_NAME = AppIcon;
				INFOPLIST_FILE = EventFindr/Info.plist;
				LD_RUNPATH_SEARCH_PATHS = "$(inherited) @executable_path/Frameworks";
				PRODUCT_BUNDLE_IDENTIFIER = com.thiagoheitling.EventFindr;
				PRODUCT_NAME = "$(TARGET_NAME)";
				SWIFT_OBJC_BRIDGING_HEADER = "$(SRCROOT)/EventFindr/CalendarHeader.h";
			};
			name = Debug;
		};
		D03DF3611CBEE92C007D8B7A /* Release */ = {
			isa = XCBuildConfiguration;
			baseConfigurationReference = A5CCC545C7716839B0767583 /* Pods-EventFindr.release.xcconfig */;
			buildSettings = {
				ASSETCATALOG_COMPILER_APPICON_NAME = AppIcon;
				INFOPLIST_FILE = EventFindr/Info.plist;
				LD_RUNPATH_SEARCH_PATHS = "$(inherited) @executable_path/Frameworks";
				PRODUCT_BUNDLE_IDENTIFIER = com.thiagoheitling.EventFindr;
				PRODUCT_NAME = "$(TARGET_NAME)";
				SWIFT_OBJC_BRIDGING_HEADER = "$(SRCROOT)/EventFindr/EventFindr/CalendarHeader.h";
			};
			name = Release;
		};
		D03DF3631CBEE92C007D8B7A /* Debug */ = {
			isa = XCBuildConfiguration;
			buildSettings = {
				BUNDLE_LOADER = "$(TEST_HOST)";
				INFOPLIST_FILE = EventFindrTests/Info.plist;
				LD_RUNPATH_SEARCH_PATHS = "$(inherited) @executable_path/Frameworks @loader_path/Frameworks";
				PRODUCT_BUNDLE_IDENTIFIER = com.thiagoheitling.EventFindrTests;
				PRODUCT_NAME = "$(TARGET_NAME)";
				TEST_HOST = "$(BUILT_PRODUCTS_DIR)/EventFindr.app/EventFindr";
			};
			name = Debug;
		};
		D03DF3641CBEE92C007D8B7A /* Release */ = {
			isa = XCBuildConfiguration;
			buildSettings = {
				BUNDLE_LOADER = "$(TEST_HOST)";
				INFOPLIST_FILE = EventFindrTests/Info.plist;
				LD_RUNPATH_SEARCH_PATHS = "$(inherited) @executable_path/Frameworks @loader_path/Frameworks";
				PRODUCT_BUNDLE_IDENTIFIER = com.thiagoheitling.EventFindrTests;
				PRODUCT_NAME = "$(TARGET_NAME)";
				TEST_HOST = "$(BUILT_PRODUCTS_DIR)/EventFindr.app/EventFindr";
			};
			name = Release;
		};
/* End XCBuildConfiguration section */

/* Begin XCConfigurationList section */
		D03DF33D1CBEE92C007D8B7A /* Build configuration list for PBXProject "EventFindr" */ = {
			isa = XCConfigurationList;
			buildConfigurations = (
				D03DF35D1CBEE92C007D8B7A /* Debug */,
				D03DF35E1CBEE92C007D8B7A /* Release */,
			);
			defaultConfigurationIsVisible = 0;
			defaultConfigurationName = Release;
		};
		D03DF35F1CBEE92C007D8B7A /* Build configuration list for PBXNativeTarget "EventFindr" */ = {
			isa = XCConfigurationList;
			buildConfigurations = (
				D03DF3601CBEE92C007D8B7A /* Debug */,
				D03DF3611CBEE92C007D8B7A /* Release */,
			);
			defaultConfigurationIsVisible = 0;
			defaultConfigurationName = Release;
		};
		D03DF3621CBEE92C007D8B7A /* Build configuration list for PBXNativeTarget "EventFindrTests" */ = {
			isa = XCConfigurationList;
			buildConfigurations = (
				D03DF3631CBEE92C007D8B7A /* Debug */,
				D03DF3641CBEE92C007D8B7A /* Release */,
			);
			defaultConfigurationIsVisible = 0;
			defaultConfigurationName = Release;
		};
/* End XCConfigurationList section */
	};
	rootObject = D03DF33A1CBEE92C007D8B7A /* Project object */;
}
